
Microsoft Visual Studio Solution File, Format Version 12.00
# Visual Studio Version 17
VisualStudioVersion = 17.5.2.0
MinimumVisualStudioVersion = 10.0.40219.1
Project("{FAE04EC0-301F-11D3-BF4B-00C04F79EFBC}") = "ToDoSampleApp", "ToDoSampleApp.csproj", "{CDC09326-C12E-B553-4ADC-CD9C94D3B4ED}"
EndProject
Project("{FAE04EC0-301F-11D3-BF4B-00C04F79EFBC}") = "SQLiteNetExtensions", "..\..\src\SQLiteNetExtensions.Modern\SQLiteNetExtensions.Modern\SQLiteNetExtensions.csproj", "{AAAC7A4D-DBEC-4A61-A338-C03D7AED0A63}"
EndProject
Global
	GlobalSection(SolutionConfigurationPlatforms) = preSolution
		Debug|Any CPU = Debug|Any CPU
		Debug|x64 = Debug|x64
		Debug|x86 = Debug|x86
		Release|Any CPU = Release|Any CPU
		Release|x64 = Release|x64
		Release|x86 = Release|x86
	EndGlobalSection
	GlobalSection(ProjectConfigurationPlatforms) = postSolution
		{CDC09326-C12E-B553-4ADC-CD9C94D3B4ED}.Debug|Any CPU.ActiveCfg = Debug|Any CPU
		{CDC09326-C12E-B553-4ADC-CD9C94D3B4ED}.Debug|Any CPU.Build.0 = Debug|Any CPU
		{CDC09326-C12E-B553-4ADC-CD9C94D3B4ED}.Debug|x64.ActiveCfg = Debug|Any CPU
		{CDC09326-C12E-B553-4ADC-CD9C94D3B4ED}.Debug|x64.Build.0 = Debug|Any CPU
		{CDC09326-C12E-B553-4ADC-CD9C94D3B4ED}.Debug|x86.ActiveCfg = Debug|Any CPU
		{CDC09326-C12E-B553-4ADC-CD9C94D3B4ED}.Debug|x86.Build.0 = Debug|Any CPU
		{CDC09326-C12E-B553-4ADC-CD9C94D3B4ED}.Release|Any CPU.ActiveCfg = Release|Any CPU
		{CDC09326-C12E-B553-4ADC-CD9C94D3B4ED}.Release|Any CPU.Build.0 = Release|Any CPU
		{CDC09326-C12E-B553-4ADC-CD9C94D3B4ED}.Release|x64.ActiveCfg = Release|Any CPU
		{CDC09326-C12E-B553-4ADC-CD9C94D3B4ED}.Release|x64.Build.0 = Release|Any CPU
		{CDC09326-C12E-B553-4ADC-CD9C94D3B4ED}.Release|x86.ActiveCfg = Release|Any CPU
		{CDC09326-C12E-B553-4ADC-CD9C94D3B4ED}.Release|x86.Build.0 = Release|Any CPU
		{AAAC7A4D-DBEC-4A61-A338-C03D7AED0A63}.Debug|Any CPU.ActiveCfg = Debug|Any CPU
		{AAAC7A4D-DBEC-4A61-A338-C03D7AED0A63}.Debug|Any CPU.Build.0 = Debug|Any CPU
		{AAAC7A4D-DBEC-4A61-A338-C03D7AED0A63}.Debug|x64.ActiveCfg = Debug|Any CPU
		{AAAC7A4D-DBEC-4A61-A338-C03D7AED0A63}.Debug|x64.Build.0 = Debug|Any CPU
		{AAAC7A4D-DBEC-4A61-A338-C03D7AED0A63}.Debug|x86.ActiveCfg = Debug|Any CPU
		{AAAC7A4D-DBEC-4A61-A338-C03D7AED0A63}.Debug|x86.Build.0 = Debug|Any CPU
		{AAAC7A4D-DBEC-4A61-A338-C03D7AED0A63}.Release|Any CPU.ActiveCfg = Release|Any CPU
		{AAAC7A4D-DBEC-4A61-A338-C03D7AED0A63}.Release|Any CPU.Build.0 = Release|Any CPU
		{AAAC7A4D-DBEC-4A61-A338-C03D7AED0A63}.Release|x64.ActiveCfg = Release|Any CPU
		{AAAC7A4D-DBEC-4A61-A338-C03D7AED0A63}.Release|x64.Build.0 = Release|Any CPU
		{AAAC7A4D-DBEC-4A61-A338-C03D7AED0A63}.Release|x86.ActiveCfg = Release|Any CPU
		{AAAC7A4D-DBEC-4A61-A338-C03D7AED0A63}.Release|x86.Build.0 = Release|Any CPU
	EndGlobalSection
	GlobalSection(SolutionProperties) = preSolution
		HideSolutionNode = FALSE
	EndGlobalSection
	GlobalSection(ExtensibilityGlobals) = postSolution
		SolutionGuid = {D1750BC2-8025-422A-AA48-206F5F5FBB66}
	EndGlobalSection
EndGlobal
